
Microsoft Visual Studio Solution File, Format Version 12.00
# Visual Studio Version 18
VisualStudioVersion = 18.3.11312.210 d18.3
MinimumVisualStudioVersion = 10.0.40219.1
Project("{FAE04EC0-301F-11D3-BF4B-00C04F79EFBC}") = "portfolio-backend", "portfolio-backend.csproj", "{D83CEBCE-E447-47BC-A801-344EE7599456}"
EndProject
Global
	GlobalSection(SolutionConfigurationPlatforms) = preSolution
		Debug|Any CPU = Debug|Any CPU
		Release|Any CPU = Release|Any CPU
	EndGlobalSection
	GlobalSection(ProjectConfigurationPlatforms) = postSolution
		{D83CEBCE-E447-47BC-A801-344EE7599456}.Debug|Any CPU.ActiveCfg = Debug|Any CPU
		{D83CEBCE-E447-47BC-A801-344EE7599456}.Debug|Any CPU.Build.0 = Debug|Any CPU
		{D83CEBCE-E447-47BC-A801-344EE7599456}.Release|Any CPU.ActiveCfg = Release|Any CPU
		{D83CEBCE-E447-47BC-A801-344EE7599456}.Release|Any CPU.Build.0 = Release|Any CPU
	EndGlobalSection
	GlobalSection(SolutionProperties) = preSolution
		HideSolutionNode = FALSE
	EndGlobalSection
	GlobalSection(ExtensibilityGlobals) = postSolution
		SolutionGuid = {3196EFE1-C5F7-48EC-A8C6-4EBCDE45C7AC}
	EndGlobalSection
EndGlobal
